
Microsoft Visual Studio Solution File, Format Version 12.00
# Visual Studio Version 16
VisualStudioVersion = 16.0.28803.202
MinimumVisualStudioVersion = 10.0.40219.1
Project("{9A19103F-16F7-4668-BE54-9A1E7A4F7556}") = "Personalized movie recommendation system", "Personalized movie recommendation system\Personalized movie recommendation system.csproj", "{04976475-C53B-4D9C-A094-F88D906599F7}"
EndProject
Project("{FAE04EC0-301F-11D3-BF4B-00C04F79EFBC}") = "TheMovieDb.API", "TheMovieDb.API\TheMovieDb.API.csproj", "{D29657E6-9804-4FC5-8BE4-571AF53CD967}"
EndProject
Global
	GlobalSection(SolutionConfigurationPlatforms) = preSolution
		Debug|Any CPU = Debug|Any CPU
		Release|Any CPU = Release|Any CPU
	EndGlobalSection
	GlobalSection(ProjectConfigurationPlatforms) = postSolution
		{04976475-C53B-4D9C-A094-F88D906599F7}.Debug|Any CPU.ActiveCfg = Debug|Any CPU
		{04976475-C53B-4D9C-A094-F88D906599F7}.Debug|Any CPU.Build.0 = Debug|Any CPU
		{04976475-C53B-4D9C-A094-F88D906599F7}.Release|Any CPU.ActiveCfg = Release|Any CPU
		{04976475-C53B-4D9C-A094-F88D906599F7}.Release|Any CPU.Build.0 = Release|Any CPU
		{D29657E6-9804-4FC5-8BE4-571AF53CD967}.Debug|Any CPU.ActiveCfg = Debug|Any CPU
		{D29657E6-9804-4FC5-8BE4-571AF53CD967}.Debug|Any CPU.Build.0 = Debug|Any CPU
		{D29657E6-9804-4FC5-8BE4-571AF53CD967}.Release|Any CPU.ActiveCfg = Release|Any CPU
		{D29657E6-9804-4FC5-8BE4-571AF53CD967}.Release|Any CPU.Build.0 = Release|Any CPU
	EndGlobalSection
	GlobalSection(SolutionProperties) = preSolution
		HideSolutionNode = FALSE
	EndGlobalSection
	GlobalSection(ExtensibilityGlobals) = postSolution
		SolutionGuid = {45B1F862-A41F-472A-98BB-1B5EC9B76428}
	EndGlobalSection
EndGlobal
